// !$*UTF8*$!
{
	archiveVersion = 1;
	classes = {
	};
	objectVersion = 52;
	objects = {

/* Begin PBXBuildFile section */
		1B98236A2522AEB0000D4656 /* AppDelegate.swift in Sources */ = {isa = PBXBuildFile; fileRef = 1B9823692522AEB0000D4656 /* AppDelegate.swift */; };
		1B98236C2522AEB0000D4656 /* SceneDelegate.swift in Sources */ = {isa = PBXBuildFile; fileRef = 1B98236B2522AEB0000D4656 /* SceneDelegate.swift */; };
		1B98236E2522AEB0000D4656 /* ContentView.swift in Sources */ = {isa = PBXBuildFile; fileRef = 1B98236D2522AEB0000D4656 /* ContentView.swift */; };
		1B9823702522AEB1000D4656 /* Assets.xcassets in Resources */ = {isa = PBXBuildFile; fileRef = 1B98236F2522AEB1000D4656 /* Assets.xcassets */; };
		1B9823732522AEB1000D4656 /* Preview Assets.xcassets in Resources */ = {isa = PBXBuildFile; fileRef = 1B9823722522AEB1000D4656 /* Preview Assets.xcassets */; };
		1B9823762522AEB1000D4656 /* LaunchScreen.storyboard in Resources */ = {isa = PBXBuildFile; fileRef = 1B9823742522AEB1000D4656 /* LaunchScreen.storyboard */; };
		1B98238D2522AEE9000D4656 /* AppKitGlue.bundle in Embed PlugIns */ = {isa = PBXBuildFile; fileRef = 1B9823842522AEE0000D4656 /* AppKitGlue.bundle */; platformFilter = maccatalyst; settings = {ATTRIBUTES = (CodeSignOnCopy, RemoveHeadersOnCopy, ); }; };
		1B9823952522AF06000D4656 /* Plugin.swift in Sources */ = {isa = PBXBuildFile; fileRef = 1B9823942522AF06000D4656 /* Plugin.swift */; };
		1B9823962522AF06000D4656 /* Plugin.swift in Sources */ = {isa = PBXBuildFile; fileRef = 1B9823942522AF06000D4656 /* Plugin.swift */; };
		1B98239A2522AF2A000D4656 /* AppKitGlue.swift in Sources */ = {isa = PBXBuildFile; fileRef = 1B9823992522AF2A000D4656 /* AppKitGlue.swift */; };
		1B9823A02522B0B6000D4656 /* MenuBarView.swift in Sources */ = {isa = PBXBuildFile; fileRef = 1B98239F2522B0B6000D4656 /* MenuBarView.swift */; };
/* End PBXBuildFile section */

/* Begin PBXContainerItemProxy section */
		1B98238E2522AEE9000D4656 /* PBXContainerItemProxy */ = {
			isa = PBXContainerItemProxy;
			containerPortal = 1B98235E2522AEB0000D4656 /* Project object */;
			proxyType = 1;
			remoteGlobalIDString = 1B9823832522AEE0000D4656;
			remoteInfo = AppKitGlue;
		};
/* End PBXContainerItemProxy section */

/* Begin PBXCopyFilesBuildPhase section */
		1B9823902522AEE9000D4656 /* Embed PlugIns */ = {
			isa = PBXCopyFilesBuildPhase;
			buildActionMask = 2147483647;
			dstPath = "";
			dstSubfolderSpec = 13;
			files = (
				1B98238D2522AEE9000D4656 /* AppKitGlue.bundle in Embed PlugIns */,
			);
			name = "Embed PlugIns";
			runOnlyForDeploymentPostprocessing = 0;
		};
/* End PBXCopyFilesBuildPhase section */

/* Begin PBXFileReference section */
		1B9823662522AEB0000D4656 /* CatalystTest.app */ = {isa = PBXFileReference; explicitFileType = wrapper.application; includeInIndex = 0; path = CatalystTest.app; sourceTree = BUILT_PRODUCTS_DIR; };
		1B9823692522AEB0000D4656 /* AppDelegate.swift */ = {isa = PBXFileReference; lastKnownFileType = sourcecode.swift; path = AppDelegate.swift; sourceTree = "<group>"; };
		1B98236B2522AEB0000D4656 /* SceneDelegate.swift */ = {isa = PBXFileReference; lastKnownFileType = sourcecode.swift; path = SceneDelegate.swift; sourceTree = "<group>"; };
		1B98236D2522AEB0000D4656 /* ContentView.swift */ = {isa = PBXFileReference; lastKnownFileType = sourcecode.swift; path = ContentView.swift; sourceTree = "<group>"; };
		1B98236F2522AEB1000D4656 /* Assets.xcassets */ = {isa = PBXFileReference; lastKnownFileType = folder.assetcatalog; path = Assets.xcassets; sourceTree = "<group>"; };
		1B9823722522AEB1000D4656 /* Preview Assets.xcassets */ = {isa = PBXFileReference; lastKnownFileType = folder.assetcatalog; path = "Preview Assets.xcassets"; sourceTree = "<group>"; };
		1B9823752522AEB1000D4656 /* Base */ = {isa = PBXFileReference; lastKnownFileType = file.storyboard; name = Base; path = Base.lproj/LaunchScreen.storyboard; sourceTree = "<group>"; };
		1B9823772522AEB1000D4656 /* Info.plist */ = {isa = PBXFileReference; lastKnownFileType = text.plist.xml; path = Info.plist; sourceTree = "<group>"; };
		1B98237E2522AEBF000D4656 /* CatalystTest.entitlements */ = {isa = PBXFileReference; lastKnownFileType = text.plist.entitlements; path = CatalystTest.entitlements; sourceTree = "<group>"; };
		1B9823842522AEE0000D4656 /* AppKitGlue.bundle */ = {isa = PBXFileReference; explicitFileType = wrapper.cfbundle; includeInIndex = 0; path = AppKitGlue.bundle; sourceTree = BUILT_PRODUCTS_DIR; };
		1B9823862522AEE0000D4656 /* Info.plist */ = {isa = PBXFileReference; lastKnownFileType = text.plist.xml; path = Info.plist; sourceTree = "<group>"; };
		1B9823932522AF06000D4656 /* AppKitGlue-Bridging-Header.h */ = {isa = PBXFileReference; lastKnownFileType = sourcecode.c.h; path = "AppKitGlue-Bridging-Header.h"; sourceTree = "<group>"; };
		1B9823942522AF06000D4656 /* Plugin.swift */ = {isa = PBXFileReference; lastKnownFileType = sourcecode.swift; path = Plugin.swift; sourceTree = "<group>"; };
		1B9823992522AF2A000D4656 /* AppKitGlue.swift */ = {isa = PBXFileReference; lastKnownFileType = sourcecode.swift; path = AppKitGlue.swift; sourceTree = "<group>"; };
		1B98239F2522B0B6000D4656 /* MenuBarView.swift */ = {isa = PBXFileReference; lastKnownFileType = sourcecode.swift; path = MenuBarView.swift; sourceTree = "<group>"; };
/* End PBXFileReference section */

/* Begin PBXFrameworksBuildPhase section */
		1B9823632522AEB0000D4656 /* Frameworks */ = {
			isa = PBXFrameworksBuildPhase;
			buildActionMask = 2147483647;
			files = (
			);
			runOnlyForDeploymentPostprocessing = 0;
		};
		1B9823812522AEE0000D4656 /* Frameworks */ = {
			isa = PBXFrameworksBuildPhase;
			buildActionMask = 2147483647;
			files = (
			);
			runOnlyForDeploymentPostprocessing = 0;
		};
/* End PBXFrameworksBuildPhase section */

/* Begin PBXGroup section */
		1B98235D2522AEB0000D4656 = {
			isa = PBXGroup;
			children = (
				1B9823682522AEB0000D4656 /* CatalystTest */,
				1B9823852522AEE0000D4656 /* AppKitGlue */,
				1B9823672522AEB0000D4656 /* Products */,
				1B98238C2522AEE9000D4656 /* Frameworks */,
			);
			sourceTree = "<group>";
		};
		1B9823672522AEB0000D4656 /* Products */ = {
			isa = PBXGroup;
			children = (
				1B9823662522AEB0000D4656 /* CatalystTest.app */,
				1B9823842522AEE0000D4656 /* AppKitGlue.bundle */,
			);
			name = Products;
			sourceTree = "<group>";
		};
		1B9823682522AEB0000D4656 /* CatalystTest */ = {
			isa = PBXGroup;
			children = (
				1B98237E2522AEBF000D4656 /* CatalystTest.entitlements */,
				1B9823692522AEB0000D4656 /* AppDelegate.swift */,
				1B98236B2522AEB0000D4656 /* SceneDelegate.swift */,
				1B98236D2522AEB0000D4656 /* ContentView.swift */,
				1B98236F2522AEB1000D4656 /* Assets.xcassets */,
				1B9823742522AEB1000D4656 /* LaunchScreen.storyboard */,
				1B9823772522AEB1000D4656 /* Info.plist */,
				1B9823712522AEB1000D4656 /* Preview Content */,
			);
			path = CatalystTest;
			sourceTree = "<group>";
		};
		1B9823712522AEB1000D4656 /* Preview Content */ = {
			isa = PBXGroup;
			children = (
				1B9823722522AEB1000D4656 /* Preview Assets.xcassets */,
			);
			path = "Preview Content";
			sourceTree = "<group>";
		};
		1B9823852522AEE0000D4656 /* AppKitGlue */ = {
			isa = PBXGroup;
			children = (
				1B9823862522AEE0000D4656 /* Info.plist */,
				1B9823942522AF06000D4656 /* Plugin.swift */,
				1B9823932522AF06000D4656 /* AppKitGlue-Bridging-Header.h */,
				1B9823992522AF2A000D4656 /* AppKitGlue.swift */,
				1B98239F2522B0B6000D4656 /* MenuBarView.swift */,
			);
			path = AppKitGlue;
			sourceTree = "<group>";
		};
		1B98238C2522AEE9000D4656 /* Frameworks */ = {
			isa = PBXGroup;
			children = (
			);
			name = Frameworks;
			sourceTree = "<group>";
		};
/* End PBXGroup section */

/* Begin PBXNativeTarget section */
		1B9823652522AEB0000D4656 /* CatalystTest */ = {
			isa = PBXNativeTarget;
			buildConfigurationList = 1B98237A2522AEB1000D4656 /* Build configuration list for PBXNativeTarget "CatalystTest" */;
			buildPhases = (
				1B9823622522AEB0000D4656 /* Sources */,
				1B9823632522AEB0000D4656 /* Frameworks */,
				1B9823642522AEB0000D4656 /* Resources */,
				1B9823902522AEE9000D4656 /* Embed PlugIns */,
			);
			buildRules = (
			);
			dependencies = (
				1B98238F2522AEE9000D4656 /* PBXTargetDependency */,
			);
			name = CatalystTest;
			productName = CatalystTest;
			productReference = 1B9823662522AEB0000D4656 /* CatalystTest.app */;
			productType = "com.apple.product-type.application";
		};
		1B9823832522AEE0000D4656 /* AppKitGlue */ = {
			isa = PBXNativeTarget;
			buildConfigurationList = 1B9823872522AEE0000D4656 /* Build configuration list for PBXNativeTarget "AppKitGlue" */;
			buildPhases = (
				1B9823802522AEE0000D4656 /* Sources */,
				1B9823812522AEE0000D4656 /* Frameworks */,
				1B9823822522AEE0000D4656 /* Resources */,
			);
			buildRules = (
			);
			dependencies = (
			);
			name = AppKitGlue;
			productName = AppKitGlue;
			productReference = 1B9823842522AEE0000D4656 /* AppKitGlue.bundle */;
			productType = "com.apple.product-type.bundle";
		};
/* End PBXNativeTarget section */

/* Begin PBXProject section */
		1B98235E2522AEB0000D4656 /* Project object */ = {
			isa = PBXProject;
			attributes = {
				LastSwiftUpdateCheck = 1200;
				LastUpgradeCheck = 1200;
				TargetAttributes = {
					1B9823652522AEB0000D4656 = {
						CreatedOnToolsVersion = 12.0.1;
					};
					1B9823832522AEE0000D4656 = {
						CreatedOnToolsVersion = 12.0.1;
						LastSwiftMigration = 1200;
					};
				};
			};
			buildConfigurationList = 1B9823612522AEB0000D4656 /* Build configuration list for PBXProject "CatalystTest" */;
			compatibilityVersion = "Xcode 9.3";
			developmentRegion = en;
			hasScannedForEncodings = 0;
			knownRegions = (
				en,
				Base,
			);
			mainGroup = 1B98235D2522AEB0000D4656;
			productRefGroup = 1B9823672522AEB0000D4656 /* Products */;
			projectDirPath = "";
			projectRoot = "";
			targets = (
				1B9823652522AEB0000D4656 /* CatalystTest */,
				1B9823832522AEE0000D4656 /* AppKitGlue */,
			);
		};
/* End PBXProject section */

/* Begin PBXResourcesBuildPhase section */
		1B9823642522AEB0000D4656 /* Resources */ = {
			isa = PBXResourcesBuildPhase;
			buildActionMask = 2147483647;
			files = (
				1B9823762522AEB1000D4656 /* LaunchScreen.storyboard in Resources */,
				1B9823732522AEB1000D4656 /* Preview Assets.xcassets in Resources */,
				1B9823702522AEB1000D4656 /* Assets.xcassets in Resources */,
			);
			runOnlyForDeploymentPostprocessing = 0;
		};
		1B9823822522AEE0000D4656 /* Resources */ = {
			isa = PBXResourcesBuildPhase;
			buildActionMask = 2147483647;
			files = (
			);
			runOnlyForDeploymentPostprocessing = 0;
		};
/* End PBXResourcesBuildPhase section */

/* Begin PBXSourcesBuildPhase section */
		1B9823622522AEB0000D4656 /* Sources */ = {
			isa = PBXSourcesBuildPhase;
			buildActionMask = 2147483647;
			files = (
				1B98236A2522AEB0000D4656 /* AppDelegate.swift in Sources */,
				1B98236C2522AEB0000D4656 /* SceneDelegate.swift in Sources */,
				1B9823952522AF06000D4656 /* Plugin.swift in Sources */,
				1B98236E2522AEB0000D4656 /* ContentView.swift in Sources */,
			);
			runOnlyForDeploymentPostprocessing = 0;
		};
		1B9823802522AEE0000D4656 /* Sources */ = {
			isa = PBXSourcesBuildPhase;
			buildActionMask = 2147483647;
			files = (
				1B9823A02522B0B6000D4656 /* MenuBarView.swift in Sources */,
				1B9823962522AF06000D4656 /* Plugin.swift in Sources */,
				1B98239A2522AF2A000D4656 /* AppKitGlue.swift in Sources */,
			);
			runOnlyForDeploymentPostprocessing = 0;
		};
/* End PBXSourcesBuildPhase section */

/* Begin PBXTargetDependency section */
		1B98238F2522AEE9000D4656 /* PBXTargetDependency */ = {
			isa = PBXTargetDependency;
			platformFilter = maccatalyst;
			target = 1B9823832522AEE0000D4656 /* AppKitGlue */;
			targetProxy = 1B98238E2522AEE9000D4656 /* PBXContainerItemProxy */;
		};
/* End PBXTargetDependency section */

/* Begin PBXVariantGroup section */
		1B9823742522AEB1000D4656 /* LaunchScreen.storyboard */ = {
			isa = PBXVariantGroup;
			children = (
				1B9823752522AEB1000D4656 /* Base */,
			);
			name = LaunchScreen.storyboard;
			sourceTree = "<group>";
		};
/* End PBXVariantGroup section */

/* Begin XCBuildConfiguration section */
		1B9823782522AEB1000D4656 /* Debug */ = {
			isa = XCBuildConfiguration;
			buildSettings = {
				ALWAYS_SEARCH_USER_PATHS = NO;
				CLANG_ANALYZER_NONNULL = YES;
				CLANG_ANALYZER_NUMBER_OBJECT_CONVERSION = YES_AGGRESSIVE;
				CLANG_CXX_LANGUAGE_STANDARD = "gnu++14";
				CLANG_CXX_LIBRARY = "libc++";
				CLANG_ENABLE_MODULES = YES;
				CLANG_ENABLE_OBJC_ARC = YES;
				CLANG_ENABLE_OBJC_WEAK = YES;
				CLANG_WARN_BLOCK_CAPTURE_AUTORELEASING = YES;
				CLANG_WARN_BOOL_CONVERSION = YES;
				CLANG_WARN_COMMA = YES;
				CLANG_WARN_CONSTANT_CONVERSION = YES;
				CLANG_WARN_DEPRECATED_OBJC_IMPLEMENTATIONS = YES;
				CLANG_WARN_DIRECT_OBJC_ISA_USAGE = YES_ERROR;
				CLANG_WARN_DOCUMENTATION_COMMENTS = YES;
				CLANG_WARN_EMPTY_BODY = YES;
				CLANG_WARN_ENUM_CONVERSION = YES;
				CLANG_WARN_INFINITE_RECURSION = YES;
				CLANG_WARN_INT_CONVERSION = YES;
				CLANG_WARN_NON_LITERAL_NULL_CONVERSION = YES;
				CLANG_WARN_OBJC_IMPLICIT_RETAIN_SELF = YES;
				CLANG_WARN_OBJC_LITERAL_CONVERSION = YES;
				CLANG_WARN_OBJC_ROOT_CLASS = YES_ERROR;
				CLANG_WARN_QUOTED_INCLUDE_IN_FRAMEWORK_HEADER = YES;
				CLANG_WARN_RANGE_LOOP_ANALYSIS = YES;
				CLANG_WARN_STRICT_PROTOTYPES = YES;
				CLANG_WARN_SUSPICIOUS_MOVE = YES;
				CLANG_WARN_UNGUARDED_AVAILABILITY = YES_AGGRESSIVE;
				CLANG_WARN_UNREACHABLE_CODE = YES;
				CLANG_WARN__DUPLICATE_METHOD_MATCH = YES;
				COPY_PHASE_STRIP = NO;
				DEBUG_INFORMATION_FORMAT = dwarf;
				ENABLE_STRICT_OBJC_MSGSEND = YES;
				ENABLE_TESTABILITY = YES;
				GCC_C_LANGUAGE_STANDARD = gnu11;
				GCC_DYNAMIC_NO_PIC = NO;
				GCC_NO_COMMON_BLOCKS = YES;
				GCC_OPTIMIZATION_LEVEL = 0;
				GCC_PREPROCESSOR_DEFINITIONS = (
					"DEBUG=1",
					"$(inherited)",
				);
				GCC_WARN_64_TO_32_BIT_CONVERSION = YES;
				GCC_WARN_ABOUT_RETURN_TYPE = YES_ERROR;
				GCC_WARN_UNDECLARED_SELECTOR = YES;
				GCC_WARN_UNINITIALIZED_AUTOS = YES_AGGRESSIVE;
				GCC_WARN_UNUSED_FUNCTION = YES;
				GCC_WARN_UNUSED_VARIABLE = YES;
				IPHONEOS_DEPLOYMENT_TARGET = 14.0;
				MTL_ENABLE_DEBUG_INFO = INCLUDE_SOURCE;
				MTL_FAST_MATH = YES;
				ONLY_ACTIVE_ARCH = YES;
				SDKROOT = iphoneos;
				SWIFT_ACTIVE_COMPILATION_CONDITIONS = DEBUG;
				SWIFT_OPTIMIZATION_LEVEL = "-Onone";
			};
			name = Debug;
		};
		1B9823792522AEB1000D4656 /* Release */ = {
			isa = XCBuildConfiguration;
			buildSettings = {
				ALWAYS_SEARCH_USER_PATHS = NO;
				CLANG_ANALYZER_NONNULL = YES;
				CLANG_ANALYZER_NUMBER_OBJECT_CONVERSION = YES_AGGRESSIVE;
				CLANG_CXX_LANGUAGE_STANDARD = "gnu++14";
				CLANG_CXX_LIBRARY = "libc++";
				CLANG_ENABLE_MODULES = YES;
				CLANG_ENABLE_OBJC_ARC = YES;
				CLANG_ENABLE_OBJC_WEAK = YES;
				CLANG_WARN_BLOCK_CAPTURE_AUTORELEASING = YES;
				CLANG_WARN_BOOL_CONVERSION = YES;
				CLANG_WARN_COMMA = YES;
				CLANG_WARN_CONSTANT_CONVERSION = YES;
				CLANG_WARN_DEPRECATED_OBJC_IMPLEMENTATIONS = YES;
				CLANG_WARN_DIRECT_OBJC_ISA_USAGE = YES_ERROR;
				CLANG_WARN_DOCUMENTATION_COMMENTS = YES;
				CLANG_WARN_EMPTY_BODY = YES;
				CLANG_WARN_ENUM_CONVERSION = YES;
				CLANG_WARN_INFINITE_RECURSION = YES;
				CLANG_WARN_INT_CONVERSION = YES;
				CLANG_WARN_NON_LITERAL_NULL_CONVERSION = YES;
				CLANG_WARN_OBJC_IMPLICIT_RETAIN_SELF = YES;
				CLANG_WARN_OBJC_LITERAL_CONVERSION = YES;
				CLANG_WARN_OBJC_ROOT_CLASS = YES_ERROR;
				CLANG_WARN_QUOTED_INCLUDE_IN_FRAMEWORK_HEADER = YES;
				CLANG_WARN_RANGE_LOOP_ANALYSIS = YES;
				CLANG_WARN_STRICT_PROTOTYPES = YES;
				CLANG_WARN_SUSPICIOUS_MOVE = YES;
				CLANG_WARN_UNGUARDED_AVAILABILITY = YES_AGGRESSIVE;
				CLANG_WARN_UNREACHABLE_CODE = YES;
				CLANG_WARN__DUPLICATE_METHOD_MATCH = YES;
				COPY_PHASE_STRIP = NO;
				DEBUG_INFORMATION_FORMAT = "dwarf-with-dsym";
				ENABLE_NS_ASSERTIONS = NO;
				ENABLE_STRICT_OBJC_MSGSEND = YES;
				GCC_C_LANGUAGE_STANDARD = gnu11;
				GCC_NO_COMMON_BLOCKS = YES;
				GCC_WARN_64_TO_32_BIT_CONVERSION = YES;
				GCC_WARN_ABOUT_RETURN_TYPE = YES_ERROR;
				GCC_WARN_UNDECLARED_SELECTOR = YES;
				GCC_WARN_UNINITIALIZED_AUTOS = YES_AGGRESSIVE;
				GCC_WARN_UNUSED_FUNCTION = YES;
				GCC_WARN_UNUSED_VARIABLE = YES;
				IPHONEOS_DEPLOYMENT_TARGET = 14.0;
				MTL_ENABLE_DEBUG_INFO = NO;
				MTL_FAST_MATH = YES;
				SDKROOT = iphoneos;
				SWIFT_COMPILATION_MODE = wholemodule;
				SWIFT_OPTIMIZATION_LEVEL = "-O";
				VALIDATE_PRODUCT = YES;
			};
			name = Release;
		};
		1B98237B2522AEB1000D4656 /* Debug */ = {
			isa = XCBuildConfiguration;
			buildSettings = {
				ALWAYS_EMBED_SWIFT_STANDARD_LIBRARIES = YES;
				ASSETCATALOG_COMPILER_APPICON_NAME = AppIcon;
				ASSETCATALOG_COMPILER_GLOBAL_ACCENT_COLOR_NAME = AccentColor;
				CODE_SIGN_ENTITLEMENTS = CatalystTest/CatalystTest.entitlements;
				CODE_SIGN_STYLE = Automatic;
				DEVELOPMENT_ASSET_PATHS = "\"CatalystTest/Preview Content\"";
				DEVELOPMENT_TEAM = FQ6VR9Y5CB;
				ENABLE_PREVIEWS = YES;
				INFOPLIST_FILE = CatalystTest/Info.plist;
				LD_RUNPATH_SEARCH_PATHS = (
					"$(inherited)",
					"@executable_path/Frameworks",
				);
				PRODUCT_BUNDLE_IDENTIFIER = BeaulieuProductions.CatalystTest;
				PRODUCT_NAME = "$(TARGET_NAME)";
				SUPPORTS_MACCATALYST = YES;
				SWIFT_VERSION = 5.0;
				TARGETED_DEVICE_FAMILY = "1,2";
			};
			name = Debug;
		};
		1B98237C2522AEB1000D4656 /* Release */ = {
			isa = XCBuildConfiguration;
			buildSettings = {
				ALWAYS_EMBED_SWIFT_STANDARD_LIBRARIES = YES;
				ASSETCATALOG_COMPILER_APPICON_NAME = AppIcon;
				ASSETCATALOG_COMPILER_GLOBAL_ACCENT_COLOR_NAME = AccentColor;
				CODE_SIGN_ENTITLEMENTS = CatalystTest/CatalystTest.entitlements;
				CODE_SIGN_STYLE = Automatic;
				DEVELOPMENT_ASSET_PATHS = "\"CatalystTest/Preview Content\"";
				DEVELOPMENT_TEAM = FQ6VR9Y5CB;
				ENABLE_PREVIEWS = YES;
				INFOPLIST_FILE = CatalystTest/Info.plist;
				LD_RUNPATH_SEARCH_PATHS = (
					"$(inherited)",
					"@executable_path/Frameworks",
				);
				PRODUCT_BUNDLE_IDENTIFIER = BeaulieuProductions.CatalystTest;
				PRODUCT_NAME = "$(TARGET_NAME)";
				SUPPORTS_MACCATALYST = YES;
				SWIFT_VERSION = 5.0;
				TARGETED_DEVICE_FAMILY = "1,2";
			};
			name = Release;
		};
		1B9823882522AEE0000D4656 /* Debug */ = {
			isa = XCBuildConfiguration;
			buildSettings = {
				CLANG_ENABLE_MODULES = YES;
				CODE_SIGN_STYLE = Automatic;
				COMBINE_HIDPI_IMAGES = YES;
				DEVELOPMENT_TEAM = FQ6VR9Y5CB;
				INFOPLIST_FILE = AppKitGlue/Info.plist;
				INSTALL_PATH = "$(LOCAL_LIBRARY_DIR)/Bundles";
				LD_RUNPATH_SEARCH_PATHS = (
					"$(inherited)",
					"@executable_path/../Frameworks",
					"@loader_path/../Frameworks",
				);
				MACOSX_DEPLOYMENT_TARGET = 10.15;
				PRODUCT_BUNDLE_IDENTIFIER = BeaulieuProductions.AppKitGlue;
				PRODUCT_NAME = "$(TARGET_NAME)";
				SDKROOT = macosx;
				SKIP_INSTALL = YES;
				SWIFT_OBJC_BRIDGING_HEADER = "AppKitGlue/AppKitGlue-Bridging-Header.h";
				SWIFT_OPTIMIZATION_LEVEL = "-Onone";
				SWIFT_VERSION = 5.0;
				WRAPPER_EXTENSION = bundle;
			};
			name = Debug;
		};
		1B9823892522AEE0000D4656 /* Release */ = {
			isa = XCBuildConfiguration;
			buildSettings = {
				CLANG_ENABLE_MODULES = YES;
				CODE_SIGN_STYLE = Automatic;
				COMBINE_HIDPI_IMAGES = YES;
				DEVELOPMENT_TEAM = FQ6VR9Y5CB;
				INFOPLIST_FILE = AppKitGlue/Info.plist;
				INSTALL_PATH = "$(LOCAL_LIBRARY_DIR)/Bundles";
				LD_RUNPATH_SEARCH_PATHS = (
					"$(inherited)",
					"@executable_path/../Frameworks",
					"@loader_path/../Frameworks",
				);
				MACOSX_DEPLOYMENT_TARGET = 10.15;
				PRODUCT_BUNDLE_IDENTIFIER = BeaulieuProductions.AppKitGlue;
				PRODUCT_NAME = "$(TARGET_NAME)";
				SDKROOT = macosx;
				SKIP_INSTALL = YES;
				SWIFT_OBJC_BRIDGING_HEADER = "AppKitGlue/AppKitGlue-Bridging-Header.h";
				SWIFT_VERSION = 5.0;
				WRAPPER_EXTENSION = bundle;
			};
			name = Release;
		};
/* End XCBuildConfiguration section */

/* Begin XCConfigurationList section */
		1B9823612522AEB0000D4656 /* Build configuration list for PBXProject "CatalystTest" */ = {
			isa = XCConfigurationList;
			buildConfigurations = (
				1B9823782522AEB1000D4656 /* Debug */,
				1B9823792522AEB1000D4656 /* Release */,
			);
			defaultConfigurationIsVisible = 0;
			defaultConfigurationName = Release;
		};
		1B98237A2522AEB1000D4656 /* Build configuration list for PBXNativeTarget "CatalystTest" */ = {
			isa = XCConfigurationList;
			buildConfigurations = (
				1B98237B2522AEB1000D4656 /* Debug */,
				1B98237C2522AEB1000D4656 /* Release */,
			);
			defaultConfigurationIsVisible = 0;
			defaultConfigurationName = Release;
		};
		1B9823872522AEE0000D4656 /* Build configuration list for PBXNativeTarget "AppKitGlue" */ = {
			isa = XCConfigurationList;
			buildConfigurations = (
				1B9823882522AEE0000D4656 /* Debug */,
				1B9823892522AEE0000D4656 /* Release */,
			);
			defaultConfigurationIsVisible = 0;
			defaultConfigurationName = Release;
		};
/* End XCConfigurationList section */
	};
	rootObject = 1B98235E2522AEB0000D4656 /* Project object */;
}
